// !$*UTF8*$!
{
	archiveVersion = 1;
	classes = {
	};
	objectVersion = 50;
	objects = {

/* Begin PBXBuildFile section */
		AF2CF7C52525BEC60038DF9D /* AppDelegate.swift in Sources */ = {isa = PBXBuildFile; fileRef = AF2CF7C42525BEC60038DF9D /* AppDelegate.swift */; };
		AF2CF7C72525BEC60038DF9D /* SceneDelegate.swift in Sources */ = {isa = PBXBuildFile; fileRef = AF2CF7C62525BEC60038DF9D /* SceneDelegate.swift */; };
		AF2CF7C92525BEC60038DF9D /* ViewController.swift in Sources */ = {isa = PBXBuildFile; fileRef = AF2CF7C82525BEC60038DF9D /* ViewController.swift */; };
		AF2CF7CC2525BEC60038DF9D /* Main.storyboard in Resources */ = {isa = PBXBuildFile; fileRef = AF2CF7CA2525BEC60038DF9D /* Main.storyboard */; };
		AF2CF7CE2525BEE10038DF9D /* Assets.xcassets in Resources */ = {isa = PBXBuildFile; fileRef = AF2CF7CD2525BEE10038DF9D /* Assets.xcassets */; };
		AF2CF7D12525BEE20038DF9D /* LaunchScreen.storyboard in Resources */ = {isa = PBXBuildFile; fileRef = AF2CF7CF2525BEE20038DF9D /* LaunchScreen.storyboard */; };
/* End PBXBuildFile section */

/* Begin PBXFileReference section */
		AF2CF7C12525BEC60038DF9D /* SecondkadaiApp.app */ = {isa = PBXFileReference; explicitFileType = wrapper.application; includeInIndex = 0; path = SecondkadaiApp.app; sourceTree = BUILT_PRODUCTS_DIR; };
		AF2CF7C42525BEC60038DF9D /* AppDelegate.swift */ = {isa = PBXFileReference; lastKnownFileType = sourcecode.swift; path = AppDelegate.swift; sourceTree = "<group>"; };
		AF2CF7C62525BEC60038DF9D /* SceneDelegate.swift */ = {isa = PBXFileReference; lastKnownFileType = sourcecode.swift; path = SceneDelegate.swift; sourceTree = "<group>"; };
		AF2CF7C82525BEC60038DF9D /* ViewController.swift */ = {isa = PBXFileReference; lastKnownFileType = sourcecode.swift; path = ViewController.swift; sourceTree = "<group>"; };
		AF2CF7CB2525BEC60038DF9D /* Base */ = {isa = PBXFileReference; lastKnownFileType = file.storyboard; name = Base; path = Base.lproj/Main.storyboard; sourceTree = "<group>"; };
		AF2CF7CD2525BEE10038DF9D /* Assets.xcassets */ = {isa = PBXFileReference; lastKnownFileType = folder.assetcatalog; path = Assets.xcassets; sourceTree = "<group>"; };
		AF2CF7D02525BEE20038DF9D /* Base */ = {isa = PBXFileReference; lastKnownFileType = file.storyboard; name = Base; path = Base.lproj/LaunchScreen.storyboard; sourceTree = "<group>"; };
		AF2CF7D22525BEE20038DF9D /* Info.plist */ = {isa = PBXFileReference; lastKnownFileType = text.plist.xml; path = Info.plist; sourceTree = "<group>"; };
/* End PBXFileReference section */

/* Begin PBXFrameworksBuildPhase section */
		AF2CF7BE2525BEC60038DF9D /* Frameworks */ = {
			isa = PBXFrameworksBuildPhase;
			buildActionMask = 2147483647;
			files = (
			);
			runOnlyForDeploymentPostprocessing = 0;
		};
/* End PBXFrameworksBuildPhase section */

/* Begin PBXGroup section */
		AF2CF7B82525BEC60038DF9D = {
			isa = PBXGroup;
			children = (
				AF2CF7C32525BEC60038DF9D /* SecondkadaiApp */,
				AF2CF7C22525BEC60038DF9D /* Products */,
			);
			sourceTree = "<group>";
		};
		AF2CF7C22525BEC60038DF9D /* Products */ = {
			isa = PBXGroup;
			children = (
				AF2CF7C12525BEC60038DF9D /* SecondkadaiApp.app */,
			);
			name = Products;
			sourceTree = "<group>";
		};
		AF2CF7C32525BEC60038DF9D /* SecondkadaiApp */ = {
			isa = PBXGroup;
			children = (
				AF2CF7C42525BEC60038DF9D /* AppDelegate.swift */,
				AF2CF7C62525BEC60038DF9D /* SceneDelegate.swift */,
				AF2CF7C82525BEC60038DF9D /* ViewController.swift */,
				AF2CF7CA2525BEC60038DF9D /* Main.storyboard */,
				AF2CF7CD2525BEE10038DF9D /* Assets.xcassets */,
				AF2CF7CF2525BEE20038DF9D /* LaunchScreen.storyboard */,
				AF2CF7D22525BEE20038DF9D /* Info.plist */,
			);
			path = SecondkadaiApp;
			sourceTree = "<group>";
		};
/* End PBXGroup section */

/* Begin PBXNativeTarget section */
		AF2CF7C02525BEC60038DF9D /* SecondkadaiApp */ = {
			isa = PBXNativeTarget;
			buildConfigurationList = AF2CF7D52525BEE20038DF9D /* Build configuration list for PBXNativeTarget "SecondkadaiApp" */;
			buildPhases = (
				AF2CF7BD2525BEC60038DF9D /* Sources */,
				AF2CF7BE2525BEC60038DF9D /* Frameworks */,
				AF2CF7BF2525BEC60038DF9D /* Resources */,
			);
			buildRules = (
			);
			dependencies = (
			);
			name = SecondkadaiApp;
			productName = SecondkadaiApp;
			productReference = AF2CF7C12525BEC60038DF9D /* SecondkadaiApp.app */;
			productType = "com.apple.product-type.application";
		};
/* End PBXNativeTarget section */

/* Begin PBXProject section */
		AF2CF7B92525BEC60038DF9D /* Project object */ = {
			isa = PBXProject;
			attributes = {
				LastSwiftUpdateCheck = 1150;
				LastUpgradeCheck = 1150;
				ORGANIZATIONNAME = satoshi.nakamura4;
				TargetAttributes = {
					AF2CF7C02525BEC60038DF9D = {
						CreatedOnToolsVersion = 11.5;
					};
				};
			};
			buildConfigurationList = AF2CF7BC2525BEC60038DF9D /* Build configuration list for PBXProject "SecondkadaiApp" */;
			compatibilityVersion = "Xcode 9.3";
			developmentRegion = en;
			hasScannedForEncodings = 0;
			knownRegions = (
				en,
				Base,
			);
			mainGroup = AF2CF7B82525BEC60038DF9D;
			productRefGroup = AF2CF7C22525BEC60038DF9D /* Products */;
			projectDirPath = "";
			projectRoot = "";
			targets = (
				AF2CF7C02525BEC60038DF9D /* SecondkadaiApp */,
			);
		};
/* End PBXProject section */

/* Begin PBXResourcesBuildPhase section */
		AF2CF7BF2525BEC60038DF9D /* Resources */ = {
			isa = PBXResourcesBuildPhase;
			buildActionMask = 2147483647;
			files = (
				AF2CF7D12525BEE20038DF9D /* LaunchScreen.storyboard in Resources */,
				AF2CF7CE2525BEE10038DF9D /* Assets.xcassets in Resources */,
				AF2CF7CC2525BEC60038DF9D /* Main.storyboard in Resources */,
			);
			runOnlyForDeploymentPostprocessing = 0;
		};
/* End PBXResourcesBuildPhase section */

/* Begin PBXSourcesBuildPhase section */
		AF2CF7BD2525BEC60038DF9D /* Sources */ = {
			isa = PBXSourcesBuildPhase;
			buildActionMask = 2147483647;
			files = (
				AF2CF7C92525BEC60038DF9D /* ViewController.swift in Sources */,
				AF2CF7C52525BEC60038DF9D /* AppDelegate.swift in Sources */,
				AF2CF7C72525BEC60038DF9D /* SceneDelegate.swift in Sources */,
			);
			runOnlyForDeploymentPostprocessing = 0;
		};
/* End PBXSourcesBuildPhase section */

/* Begin PBXVariantGroup section */
		AF2CF7CA2525BEC60038DF9D /* Main.storyboard */ = {
			isa = PBXVariantGroup;
			children = (
				AF2CF7CB2525BEC60038DF9D /* Base */,
			);
			name = Main.storyboard;
			sourceTree = "<group>";
		};
		AF2CF7CF2525BEE20038DF9D /* LaunchScreen.storyboard */ = {
			isa = PBXVariantGroup;
			children = (
				AF2CF7D02525BEE20038DF9D /* Base */,
			);
			name = LaunchScreen.storyboard;
			sourceTree = "<group>";
		};
/* End PBXVariantGroup section */

/* Begin XCBuildConfiguration section */
		AF2CF7D32525BEE20038DF9D /* Debug */ = {
			isa = XCBuildConfiguration;
			buildSettings = {
				ALWAYS_SEARCH_USER_PATHS = NO;
				CLANG_ANALYZER_NONNULL = YES;
				CLANG_ANALYZER_NUMBER_OBJECT_CONVERSION = YES_AGGRESSIVE;
				CLANG_CXX_LANGUAGE_STANDARD = "gnu++14";
				CLANG_CXX_LIBRARY = "libc++";
				CLANG_ENABLE_MODULES = YES;
				CLANG_ENABLE_OBJC_ARC = YES;
				CLANG_ENABLE_OBJC_WEAK = YES;
				CLANG_WARN_BLOCK_CAPTURE_AUTORELEASING = YES;
				CLANG_WARN_BOOL_CONVERSION = YES;
				CLANG_WARN_COMMA = YES;
				CLANG_WARN_CONSTANT_CONVERSION = YES;
				CLANG_WARN_DEPRECATED_OBJC_IMPLEMENTATIONS = YES;
				CLANG_WARN_DIRECT_OBJC_ISA_USAGE = YES_ERROR;
				CLANG_WARN_DOCUMENTATION_COMMENTS = YES;
				CLANG_WARN_EMPTY_BODY = YES;
				CLANG_WARN_ENUM_CONVERSION = YES;
				CLANG_WARN_INFINITE_RECURSION = YES;
				CLANG_WARN_INT_CONVERSION = YES;
				CLANG_WARN_NON_LITERAL_NULL_CONVERSION = YES;
				CLANG_WARN_OBJC_IMPLICIT_RETAIN_SELF = YES;
				CLANG_WARN_OBJC_LITERAL_CONVERSION = YES;
				CLANG_WARN_OBJC_ROOT_CLASS = YES_ERROR;
				CLANG_WARN_RANGE_LOOP_ANALYSIS = YES;
				CLANG_WARN_STRICT_PROTOTYPES = YES;
				CLANG_WARN_SUSPICIOUS_MOVE = YES;
				CLANG_WARN_UNGUARDED_AVAILABILITY = YES_AGGRESSIVE;
				CLANG_WARN_UNREACHABLE_CODE = YES;
				CLANG_WARN__DUPLICATE_METHOD_MATCH = YES;
				COPY_PHASE_STRIP = NO;
				DEBUG_INFORMATION_FORMAT = dwarf;
				ENABLE_STRICT_OBJC_MSGSEND = YES;
				ENABLE_TESTABILITY = YES;
				GCC_C_LANGUAGE_STANDARD = gnu11;
				GCC_DYNAMIC_NO_PIC = NO;
				GCC_NO_COMMON_BLOCKS = YES;
				GCC_OPTIMIZATION_LEVEL = 0;
				GCC_PREPROCESSOR_DEFINITIONS = (
					"DEBUG=1",
					"$(inherited)",
				);
				GCC_WARN_64_TO_32_BIT_CONVERSION = YES;
				GCC_WARN_ABOUT_RETURN_TYPE = YES_ERROR;
				GCC_WARN_UNDECLARED_SELECTOR = YES;
				GCC_WARN_UNINITIALIZED_AUTOS = YES_AGGRESSIVE;
				GCC_WARN_UNUSED_FUNCTION = YES;
				GCC_WARN_UNUSED_VARIABLE = YES;
				IPHONEOS_DEPLOYMENT_TARGET = 13.5;
				MTL_ENABLE_DEBUG_INFO = INCLUDE_SOURCE;
				MTL_FAST_MATH = YES;
				ONLY_ACTIVE_ARCH = YES;
				SDKROOT = iphoneos;
				SWIFT_ACTIVE_COMPILATION_CONDITIONS = DEBUG;
				SWIFT_OPTIMIZATION_LEVEL = "-Onone";
			};
			name = Debug;
		};
		AF2CF7D42525BEE20038DF9D /* Release */ = {
			isa = XCBuildConfiguration;
			buildSettings = {
				ALWAYS_SEARCH_USER_PATHS = NO;
				CLANG_ANALYZER_NONNULL = YES;
				CLANG_ANALYZER_NUMBER_OBJECT_CONVERSION = YES_AGGRESSIVE;
				CLANG_CXX_LANGUAGE_STANDARD = "gnu++14";
				CLANG_CXX_LIBRARY = "libc++";
				CLANG_ENABLE_MODULES = YES;
				CLANG_ENABLE_OBJC_ARC = YES;
				CLANG_ENABLE_OBJC_WEAK = YES;
				CLANG_WARN_BLOCK_CAPTURE_AUTORELEASING = YES;
				CLANG_WARN_BOOL_CONVERSION = YES;
				CLANG_WARN_COMMA = YES;
				CLANG_WARN_CONSTANT_CONVERSION = YES;
				CLANG_WARN_DEPRECATED_OBJC_IMPLEMENTATIONS = YES;
				CLANG_WARN_DIRECT_OBJC_ISA_USAGE = YES_ERROR;
				CLANG_WARN_DOCUMENTATION_COMMENTS = YES;
				CLANG_WARN_EMPTY_BODY = YES;
				CLANG_WARN_ENUM_CONVERSION = YES;
				CLANG_WARN_INFINITE_RECURSION = YES;
				CLANG_WARN_INT_CONVERSION = YES;
				CLANG_WARN_NON_LITERAL_NULL_CONVERSION = YES;
				CLANG_WARN_OBJC_IMPLICIT_RETAIN_SELF = YES;
				CLANG_WARN_OBJC_LITERAL_CONVERSION = YES;
				CLANG_WARN_OBJC_ROOT_CLASS = YES_ERROR;
				CLANG_WARN_RANGE_LOOP_ANALYSIS = YES;
				CLANG_WARN_STRICT_PROTOTYPES = YES;
				CLANG_WARN_SUSPICIOUS_MOVE = YES;
				CLANG_WARN_UNGUARDED_AVAILABILITY = YES_AGGRESSIVE;
				CLANG_WARN_UNREACHABLE_CODE = YES;
				CLANG_WARN__DUPLICATE_METHOD_MATCH = YES;
				COPY_PHASE_STRIP = NO;
				DEBUG_INFORMATION_FORMAT = "dwarf-with-dsym";
				ENABLE_NS_ASSERTIONS = NO;
				ENABLE_STRICT_OBJC_MSGSEND = YES;
				GCC_C_LANGUAGE_STANDARD = gnu11;
				GCC_NO_COMMON_BLOCKS = YES;
				GCC_WARN_64_TO_32_BIT_CONVERSION = YES;
				GCC_WARN_ABOUT_RETURN_TYPE = YES_ERROR;
				GCC_WARN_UNDECLARED_SELECTOR = YES;
				GCC_WARN_UNINITIALIZED_AUTOS = YES_AGGRESSIVE;
				GCC_WARN_UNUSED_FUNCTION = YES;
				GCC_WARN_UNUSED_VARIABLE = YES;
				IPHONEOS_DEPLOYMENT_TARGET = 13.5;
				MTL_ENABLE_DEBUG_INFO = NO;
				MTL_FAST_MATH = YES;
				SDKROOT = iphoneos;
				SWIFT_COMPILATION_MODE = wholemodule;
				SWIFT_OPTIMIZATION_LEVEL = "-O";
				VALIDATE_PRODUCT = YES;
			};
			name = Release;
		};
		AF2CF7D62525BEE20038DF9D /* Debug */ = {
			isa = XCBuildConfiguration;
			buildSettings = {
				ASSETCATALOG_COMPILER_APPICON_NAME = AppIcon;
				CODE_SIGN_STYLE = Automatic;
				INFOPLIST_FILE = SecondkadaiApp/Info.plist;
				LD_RUNPATH_SEARCH_PATHS = (
					"$(inherited)",
					"@executable_path/Frameworks",
				);
				PRODUCT_BUNDLE_IDENTIFIER = jp.techacademy.satoshi.nakamura4.SecondkadaiApp;
				PRODUCT_NAME = "$(TARGET_NAME)";
				SWIFT_VERSION = 5.0;
				TARGETED_DEVICE_FAMILY = "1,2";
			};
			name = Debug;
		};
		AF2CF7D72525BEE20038DF9D /* Release */ = {
			isa = XCBuildConfiguration;
			buildSettings = {
				ASSETCATALOG_COMPILER_APPICON_NAME = AppIcon;
				CODE_SIGN_STYLE = Automatic;
				INFOPLIST_FILE = SecondkadaiApp/Info.plist;
				LD_RUNPATH_SEARCH_PATHS = (
					"$(inherited)",
					"@executable_path/Frameworks",
				);
				PRODUCT_BUNDLE_IDENTIFIER = jp.techacademy.satoshi.nakamura4.SecondkadaiApp;
				PRODUCT_NAME = "$(TARGET_NAME)";
				SWIFT_VERSION = 5.0;
				TARGETED_DEVICE_FAMILY = "1,2";
			};
			name = Release;
		};
/* End XCBuildConfiguration section */

/* Begin XCConfigurationList section */
		AF2CF7BC2525BEC60038DF9D /* Build configuration list for PBXProject "SecondkadaiApp" */ = {
			isa = XCConfigurationList;
			buildConfigurations = (
				AF2CF7D32525BEE20038DF9D /* Debug */,
				AF2CF7D42525BEE20038DF9D /* Release */,
			);
			defaultConfigurationIsVisible = 0;
			defaultConfigurationName = Release;
		};
		AF2CF7D52525BEE20038DF9D /* Build configuration list for PBXNativeTarget "SecondkadaiApp" */ = {
			isa = XCConfigurationList;
			buildConfigurations = (
				AF2CF7D62525BEE20038DF9D /* Debug */,
				AF2CF7D72525BEE20038DF9D /* Release */,
			);
			defaultConfigurationIsVisible = 0;
			defaultConfigurationName = Release;
		};
/* End XCConfigurationList section */
	};
	rootObject = AF2CF7B92525BEC60038DF9D /* Project object */;
}
